// !$*UTF8*$!
{
	archiveVersion = 1;
	classes = {
	};
	objectVersion = 77;
	objects = {

/* Begin PBXContainerItemProxy section */
		007D31602CED794D00DDC99E /* PBXContainerItemProxy */ = {
			isa = PBXContainerItemProxy;
			containerPortal = 007D31472CED794C00DDC99E /* Project object */;
			proxyType = 1;
			remoteGlobalIDString = 007D314E2CED794C00DDC99E;
			remoteInfo = "Project 6 Animations";
		};
		007D316A2CED794D00DDC99E /* PBXContainerItemProxy */ = {
			isa = PBXContainerItemProxy;
			containerPortal = 007D31472CED794C00DDC99E /* Project object */;
			proxyType = 1;
			remoteGlobalIDString = 007D314E2CED794C00DDC99E;
			remoteInfo = "Project 6 Animations";
		};
/* End PBXContainerItemProxy section */

/* Begin PBXFileReference section */
		007D314F2CED794C00DDC99E /* Project 6 Animations.app */ = {isa = PBXFileReference; explicitFileType = wrapper.application; includeInIndex = 0; path = "Project 6 Animations.app"; sourceTree = BUILT_PRODUCTS_DIR; };
		007D315F2CED794D00DDC99E /* Project 6 AnimationsTests.xctest */ = {isa = PBXFileReference; explicitFileType = wrapper.cfbundle; includeInIndex = 0; path = "Project 6 AnimationsTests.xctest"; sourceTree = BUILT_PRODUCTS_DIR; };
		007D31692CED794D00DDC99E /* Project 6 AnimationsUITests.xctest */ = {isa = PBXFileReference; explicitFileType = wrapper.cfbundle; includeInIndex = 0; path = "Project 6 AnimationsUITests.xctest"; sourceTree = BUILT_PRODUCTS_DIR; };
/* End PBXFileReference section */

/* Begin PBXFileSystemSynchronizedRootGroup section */
		007D31512CED794C00DDC99E /* Project 6 Animations */ = {
			isa = PBXFileSystemSynchronizedRootGroup;
			path = "Project 6 Animations";
			sourceTree = "<group>";
		};
		007D31622CED794D00DDC99E /* Project 6 AnimationsTests */ = {
			isa = PBXFileSystemSynchronizedRootGroup;
			path = "Project 6 AnimationsTests";
			sourceTree = "<group>";
		};
		007D316C2CED794D00DDC99E /* Project 6 AnimationsUITests */ = {
			isa = PBXFileSystemSynchronizedRootGroup;
			path = "Project 6 AnimationsUITests";
			sourceTree = "<group>";
		};
/* End PBXFileSystemSynchronizedRootGroup section */

/* Begin PBXFrameworksBuildPhase section */
		007D314C2CED794C00DDC99E /* Frameworks */ = {
			isa = PBXFrameworksBuildPhase;
			buildActionMask = 2147483647;
			files = (
			);
			runOnlyForDeploymentPostprocessing = 0;
		};
		007D315C2CED794D00DDC99E /* Frameworks */ = {
			isa = PBXFrameworksBuildPhase;
			buildActionMask = 2147483647;
			files = (
			);
			runOnlyForDeploymentPostprocessing = 0;
		};
		007D31662CED794D00DDC99E /* Frameworks */ = {
			isa = PBXFrameworksBuildPhase;
			buildActionMask = 2147483647;
			files = (
			);
			runOnlyForDeploymentPostprocessing = 0;
		};
/* End PBXFrameworksBuildPhase section */

/* Begin PBXGroup section */
		007D31462CED794C00DDC99E = {
			isa = PBXGroup;
			children = (
				007D31512CED794C00DDC99E /* Project 6 Animations */,
				007D31622CED794D00DDC99E /* Project 6 AnimationsTests */,
				007D316C2CED794D00DDC99E /* Project 6 AnimationsUITests */,
				007D31502CED794C00DDC99E /* Products */,
			);
			sourceTree = "<group>";
		};
		007D31502CED794C00DDC99E /* Products */ = {
			isa = PBXGroup;
			children = (
				007D314F2CED794C00DDC99E /* Project 6 Animations.app */,
				007D315F2CED794D00DDC99E /* Project 6 AnimationsTests.xctest */,
				007D31692CED794D00DDC99E /* Project 6 AnimationsUITests.xctest */,
			);
			name = Products;
			sourceTree = "<group>";
		};
/* End PBXGroup section */

/* Begin PBXNativeTarget section */
		007D314E2CED794C00DDC99E /* Project 6 Animations */ = {
			isa = PBXNativeTarget;
			buildConfigurationList = 007D31732CED794D00DDC99E /* Build configuration list for PBXNativeTarget "Project 6 Animations" */;
			buildPhases = (
				007D314B2CED794C00DDC99E /* Sources */,
				007D314C2CED794C00DDC99E /* Frameworks */,
				007D314D2CED794C00DDC99E /* Resources */,
			);
			buildRules = (
			);
			dependencies = (
			);
			fileSystemSynchronizedGroups = (
				007D31512CED794C00DDC99E /* Project 6 Animations */,
			);
			name = "Project 6 Animations";
			packageProductDependencies = (
			);
			productName = "Project 6 Animations";
			productReference = 007D314F2CED794C00DDC99E /* Project 6 Animations.app */;
			productType = "com.apple.product-type.application";
		};
		007D315E2CED794D00DDC99E /* Project 6 AnimationsTests */ = {
			isa = PBXNativeTarget;
			buildConfigurationList = 007D31762CED794D00DDC99E /* Build configuration list for PBXNativeTarget "Project 6 AnimationsTests" */;
			buildPhases = (
				007D315B2CED794D00DDC99E /* Sources */,
				007D315C2CED794D00DDC99E /* Frameworks */,
				007D315D2CED794D00DDC99E /* Resources */,
			);
			buildRules = (
			);
			dependencies = (
				007D31612CED794D00DDC99E /* PBXTargetDependency */,
			);
			fileSystemSynchronizedGroups = (
				007D31622CED794D00DDC99E /* Project 6 AnimationsTests */,
			);
			name = "Project 6 AnimationsTests";
			packageProductDependencies = (
			);
			productName = "Project 6 AnimationsTests";
			productReference = 007D315F2CED794D00DDC99E /* Project 6 AnimationsTests.xctest */;
			productType = "com.apple.product-type.bundle.unit-test";
		};
		007D31682CED794D00DDC99E /* Project 6 AnimationsUITests */ = {
			isa = PBXNativeTarget;
			buildConfigurationList = 007D31792CED794D00DDC99E /* Build configuration list for PBXNativeTarget "Project 6 AnimationsUITests" */;
			buildPhases = (
				007D31652CED794D00DDC99E /* Sources */,
				007D31662CED794D00DDC99E /* Frameworks */,
				007D31672CED794D00DDC99E /* Resources */,
			);
			buildRules = (
			);
			dependencies = (
				007D316B2CED794D00DDC99E /* PBXTargetDependency */,
			);
			fileSystemSynchronizedGroups = (
				007D316C2CED794D00DDC99E /* Project 6 AnimationsUITests */,
			);
			name = "Project 6 AnimationsUITests";
			packageProductDependencies = (
			);
			productName = "Project 6 AnimationsUITests";
			productReference = 007D31692CED794D00DDC99E /* Project 6 AnimationsUITests.xctest */;
			productType = "com.apple.product-type.bundle.ui-testing";
		};
/* End PBXNativeTarget section */

/* Begin PBXProject section */
		007D31472CED794C00DDC99E /* Project object */ = {
			isa = PBXProject;
			attributes = {
				BuildIndependentTargetsInParallel = 1;
				LastSwiftUpdateCheck = 1600;
				LastUpgradeCheck = 1600;
				TargetAttributes = {
					007D314E2CED794C00DDC99E = {
						CreatedOnToolsVersion = 16.0;
					};
					007D315E2CED794D00DDC99E = {
						CreatedOnToolsVersion = 16.0;
						TestTargetID = 007D314E2CED794C00DDC99E;
					};
					007D31682CED794D00DDC99E = {
						CreatedOnToolsVersion = 16.0;
						TestTargetID = 007D314E2CED794C00DDC99E;
					};
				};
			};
			buildConfigurationList = 007D314A2CED794C00DDC99E /* Build configuration list for PBXProject "Project 6 Animations" */;
			developmentRegion = en;
			hasScannedForEncodings = 0;
			knownRegions = (
				en,
				Base,
			);
			mainGroup = 007D31462CED794C00DDC99E;
			minimizedProjectReferenceProxies = 1;
			preferredProjectObjectVersion = 77;
			productRefGroup = 007D31502CED794C00DDC99E /* Products */;
			projectDirPath = "";
			projectRoot = "";
			targets = (
				007D314E2CED794C00DDC99E /* Project 6 Animations */,
				007D315E2CED794D00DDC99E /* Project 6 AnimationsTests */,
				007D31682CED794D00DDC99E /* Project 6 AnimationsUITests */,
			);
		};
/* End PBXProject section */

/* Begin PBXResourcesBuildPhase section */
		007D314D2CED794C00DDC99E /* Resources */ = {
			isa = PBXResourcesBuildPhase;
			buildActionMask = 2147483647;
			files = (
			);
			runOnlyForDeploymentPostprocessing = 0;
		};
		007D315D2CED794D00DDC99E /* Resources */ = {
			isa = PBXResourcesBuildPhase;
			buildActionMask = 2147483647;
			files = (
			);
			runOnlyForDeploymentPostprocessing = 0;
		};
		007D31672CED794D00DDC99E /* Resources */ = {
			isa = PBXResourcesBuildPhase;
			buildActionMask = 2147483647;
			files = (
			);
			runOnlyForDeploymentPostprocessing = 0;
		};
/* End PBXResourcesBuildPhase section */

/* Begin PBXSourcesBuildPhase section */
		007D314B2CED794C00DDC99E /* Sources */ = {
			isa = PBXSourcesBuildPhase;
			buildActionMask = 2147483647;
			files = (
			);
			runOnlyForDeploymentPostprocessing = 0;
		};
		007D315B2CED794D00DDC99E /* Sources */ = {
			isa = PBXSourcesBuildPhase;
			buildActionMask = 2147483647;
			files = (
			);
			runOnlyForDeploymentPostprocessing = 0;
		};
		007D31652CED794D00DDC99E /* Sources */ = {
			isa = PBXSourcesBuildPhase;
			buildActionMask = 2147483647;
			files = (
			);
			runOnlyForDeploymentPostprocessing = 0;
		};
/* End PBXSourcesBuildPhase section */

/* Begin PBXTargetDependency section */
		007D31612CED794D00DDC99E /* PBXTargetDependency */ = {
			isa = PBXTargetDependency;
			target = 007D314E2CED794C00DDC99E /* Project 6 Animations */;
			targetProxy = 007D31602CED794D00DDC99E /* PBXContainerItemProxy */;
		};
		007D316B2CED794D00DDC99E /* PBXTargetDependency */ = {
			isa = PBXTargetDependency;
			target = 007D314E2CED794C00DDC99E /* Project 6 Animations */;
			targetProxy = 007D316A2CED794D00DDC99E /* PBXContainerItemProxy */;
		};
/* End PBXTargetDependency section */

/* Begin XCBuildConfiguration section */
		007D31712CED794D00DDC99E /* Debug */ = {
			isa = XCBuildConfiguration;
			buildSettings = {
				ALWAYS_SEARCH_USER_PATHS = NO;
				ASSETCATALOG_COMPILER_GENERATE_SWIFT_ASSET_SYMBOL_EXTENSIONS = YES;
				CLANG_ANALYZER_NONNULL = YES;
				CLANG_ANALYZER_NUMBER_OBJECT_CONVERSION = YES_AGGRESSIVE;
				CLANG_CXX_LANGUAGE_STANDARD = "gnu++20";
				CLANG_ENABLE_MODULES = YES;
				CLANG_ENABLE_OBJC_ARC = YES;
				CLANG_ENABLE_OBJC_WEAK = YES;
				CLANG_WARN_BLOCK_CAPTURE_AUTORELEASING = YES;
				CLANG_WARN_BOOL_CONVERSION = YES;
				CLANG_WARN_COMMA = YES;
				CLANG_WARN_CONSTANT_CONVERSION = YES;
				CLANG_WARN_DEPRECATED_OBJC_IMPLEMENTATIONS = YES;
				CLANG_WARN_DIRECT_OBJC_ISA_USAGE = YES_ERROR;
				CLANG_WARN_DOCUMENTATION_COMMENTS = YES;
				CLANG_WARN_EMPTY_BODY = YES;
				CLANG_WARN_ENUM_CONVERSION = YES;
				CLANG_WARN_INFINITE_RECURSION = YES;
				CLANG_WARN_INT_CONVERSION = YES;
				CLANG_WARN_NON_LITERAL_NULL_CONVERSION = YES;
				CLANG_WARN_OBJC_IMPLICIT_RETAIN_SELF = YES;
				CLANG_WARN_OBJC_LITERAL_CONVERSION = YES;
				CLANG_WARN_OBJC_ROOT_CLASS = YES_ERROR;
				CLANG_WARN_QUOTED_INCLUDE_IN_FRAMEWORK_HEADER = YES;
				CLANG_WARN_RANGE_LOOP_ANALYSIS = YES;
				CLANG_WARN_STRICT_PROTOTYPES = YES;
				CLANG_WARN_SUSPICIOUS_MOVE = YES;
				CLANG_WARN_UNGUARDED_AVAILABILITY = YES_AGGRESSIVE;
				CLANG_WARN_UNREACHABLE_CODE = YES;
				CLANG_WARN__DUPLICATE_METHOD_MATCH = YES;
				COPY_PHASE_STRIP = NO;
				DEBUG_INFORMATION_FORMAT = dwarf;
				ENABLE_STRICT_OBJC_MSGSEND = YES;
				ENABLE_TESTABILITY = YES;
				ENABLE_USER_SCRIPT_SANDBOXING = YES;
				GCC_C_LANGUAGE_STANDARD = gnu17;
				GCC_DYNAMIC_NO_PIC = NO;
				GCC_NO_COMMON_BLOCKS = YES;
				GCC_OPTIMIZATION_LEVEL = 0;
				GCC_PREPROCESSOR_DEFINITIONS = (
					"DEBUG=1",
					"$(inherited)",
				);
				GCC_WARN_64_TO_32_BIT_CONVERSION = YES;
				GCC_WARN_ABOUT_RETURN_TYPE = YES_ERROR;
				GCC_WARN_UNDECLARED_SELECTOR = YES;
				GCC_WARN_UNINITIALIZED_AUTOS = YES_AGGRESSIVE;
				GCC_WARN_UNUSED_FUNCTION = YES;
				GCC_WARN_UNUSED_VARIABLE = YES;
				IPHONEOS_DEPLOYMENT_TARGET = 18.0;
				LOCALIZATION_PREFERS_STRING_CATALOGS = YES;
				MTL_ENABLE_DEBUG_INFO = INCLUDE_SOURCE;
				MTL_FAST_MATH = YES;
				ONLY_ACTIVE_ARCH = YES;
				SDKROOT = iphoneos;
				SWIFT_ACTIVE_COMPILATION_CONDITIONS = "DEBUG $(inherited)";
				SWIFT_OPTIMIZATION_LEVEL = "-Onone";
			};
			name = Debug;
		};
		007D31722CED794D00DDC99E /* Release */ = {
			isa = XCBuildConfiguration;
			buildSettings = {
				ALWAYS_SEARCH_USER_PATHS = NO;
				ASSETCATALOG_COMPILER_GENERATE_SWIFT_ASSET_SYMBOL_EXTENSIONS = YES;
				CLANG_ANALYZER_NONNULL = YES;
				CLANG_ANALYZER_NUMBER_OBJECT_CONVERSION = YES_AGGRESSIVE;
				CLANG_CXX_LANGUAGE_STANDARD = "gnu++20";
				CLANG_ENABLE_MODULES = YES;
				CLANG_ENABLE_OBJC_ARC = YES;
				CLANG_ENABLE_OBJC_WEAK = YES;
				CLANG_WARN_BLOCK_CAPTURE_AUTORELEASING = YES;
				CLANG_WARN_BOOL_CONVERSION = YES;
				CLANG_WARN_COMMA = YES;
				CLANG_WARN_CONSTANT_CONVERSION = YES;
				CLANG_WARN_DEPRECATED_OBJC_IMPLEMENTATIONS = YES;
				CLANG_WARN_DIRECT_OBJC_ISA_USAGE = YES_ERROR;
				CLANG_WARN_DOCUMENTATION_COMMENTS = YES;
				CLANG_WARN_EMPTY_BODY = YES;
				CLANG_WARN_ENUM_CONVERSION = YES;
				CLANG_WARN_INFINITE_RECURSION = YES;
				CLANG_WARN_INT_CONVERSION = YES;
				CLANG_WARN_NON_LITERAL_NULL_CONVERSION = YES;
				CLANG_WARN_OBJC_IMPLICIT_RETAIN_SELF = YES;
				CLANG_WARN_OBJC_LITERAL_CONVERSION = YES;
				CLANG_WARN_OBJC_ROOT_CLASS = YES_ERROR;
				CLANG_WARN_QUOTED_INCLUDE_IN_FRAMEWORK_HEADER = YES;
				CLANG_WARN_RANGE_LOOP_ANALYSIS = YES;
				CLANG_WARN_STRICT_PROTOTYPES = YES;
				CLANG_WARN_SUSPICIOUS_MOVE = YES;
				CLANG_WARN_UNGUARDED_AVAILABILITY = YES_AGGRESSIVE;
				CLANG_WARN_UNREACHABLE_CODE = YES;
				CLANG_WARN__DUPLICATE_METHOD_MATCH = YES;
				COPY_PHASE_STRIP = NO;
				DEBUG_INFORMATION_FORMAT = "dwarf-with-dsym";
				ENABLE_NS_ASSERTIONS = NO;
				ENABLE_STRICT_OBJC_MSGSEND = YES;
				ENABLE_USER_SCRIPT_SANDBOXING = YES;
				GCC_C_LANGUAGE_STANDARD = gnu17;
				GCC_NO_COMMON_BLOCKS = YES;
				GCC_WARN_64_TO_32_BIT_CONVERSION = YES;
				GCC_WARN_ABOUT_RETURN_TYPE = YES_ERROR;
				GCC_WARN_UNDECLARED_SELECTOR = YES;
				GCC_WARN_UNINITIALIZED_AUTOS = YES_AGGRESSIVE;
				GCC_WARN_UNUSED_FUNCTION = YES;
				GCC_WARN_UNUSED_VARIABLE = YES;
				IPHONEOS_DEPLOYMENT_TARGET = 18.0;
				LOCALIZATION_PREFERS_STRING_CATALOGS = YES;
				MTL_ENABLE_DEBUG_INFO = NO;
				MTL_FAST_MATH = YES;
				SDKROOT = iphoneos;
				SWIFT_COMPILATION_MODE = wholemodule;
				VALIDATE_PRODUCT = YES;
			};
			name = Release;
		};
		007D31742CED794D00DDC99E /* Debug */ = {
			isa = XCBuildConfiguration;
			buildSettings = {
				ASSETCATALOG_COMPILER_APPICON_NAME = AppIcon;
				ASSETCATALOG_COMPILER_GLOBAL_ACCENT_COLOR_NAME = AccentColor;
				CODE_SIGN_STYLE = Automatic;
				CURRENT_PROJECT_VERSION = 1;
				DEVELOPMENT_ASSET_PATHS = "\"Project 6 Animations/Preview Content\"";
				ENABLE_PREVIEWS = YES;
				GENERATE_INFOPLIST_FILE = YES;
				INFOPLIST_KEY_UIApplicationSceneManifest_Generation = YES;
				INFOPLIST_KEY_UIApplicationSupportsIndirectInputEvents = YES;
				INFOPLIST_KEY_UILaunchScreen_Generation = YES;
				INFOPLIST_KEY_UISupportedInterfaceOrientations_iPad = "UIInterfaceOrientationPortrait UIInterfaceOrientationPortraitUpsideDown UIInterfaceOrientationLandscapeLeft UIInterfaceOrientationLandscapeRight";
				INFOPLIST_KEY_UISupportedInterfaceOrientations_iPhone = "UIInterfaceOrientationPortrait UIInterfaceOrientationLandscapeLeft UIInterfaceOrientationLandscapeRight";
				LD_RUNPATH_SEARCH_PATHS = (
					"$(inherited)",
					"@executable_path/Frameworks",
				);
				MARKETING_VERSION = 1.0;
				PRODUCT_BUNDLE_IDENTIFIER = "me.goose.x.Project-6-Animations";
				PRODUCT_NAME = "$(TARGET_NAME)";
				SWIFT_EMIT_LOC_STRINGS = YES;
				SWIFT_VERSION = 5.0;
				TARGETED_DEVICE_FAMILY = "1,2";
			};
			name = Debug;
		};
		007D31752CED794D00DDC99E /* Release */ = {
			isa = XCBuildConfiguration;
			buildSettings = {
				ASSETCATALOG_COMPILER_APPICON_NAME = AppIcon;
				ASSETCATALOG_COMPILER_GLOBAL_ACCENT_COLOR_NAME = AccentColor;
				CODE_SIGN_STYLE = Automatic;
				CURRENT_PROJECT_VERSION = 1;
				DEVELOPMENT_ASSET_PATHS = "\"Project 6 Animations/Preview Content\"";
				ENABLE_PREVIEWS = YES;
				GENERATE_INFOPLIST_FILE = YES;
				INFOPLIST_KEY_UIApplicationSceneManifest_Generation = YES;
				INFOPLIST_KEY_UIApplicationSupportsIndirectInputEvents = YES;
				INFOPLIST_KEY_UILaunchScreen_Generation = YES;
				INFOPLIST_KEY_UISupportedInterfaceOrientations_iPad = "UIInterfaceOrientationPortrait UIInterfaceOrientationPortraitUpsideDown UIInterfaceOrientationLandscapeLeft UIInterfaceOrientationLandscapeRight";
				INFOPLIST_KEY_UISupportedInterfaceOrientations_iPhone = "UIInterfaceOrientationPortrait UIInterfaceOrientationLandscapeLeft UIInterfaceOrientationLandscapeRight";
				LD_RUNPATH_SEARCH_PATHS = (
					"$(inherited)",
					"@executable_path/Frameworks",
				);
				MARKETING_VERSION = 1.0;
				PRODUCT_BUNDLE_IDENTIFIER = "me.goose.x.Project-6-Animations";
				PRODUCT_NAME = "$(TARGET_NAME)";
				SWIFT_EMIT_LOC_STRINGS = YES;
				SWIFT_VERSION = 5.0;
				TARGETED_DEVICE_FAMILY = "1,2";
			};
			name = Release;
		};
		007D31772CED794D00DDC99E /* Debug */ = {
			isa = XCBuildConfiguration;
			buildSettings = {
				BUNDLE_LOADER = "$(TEST_HOST)";
				CODE_SIGN_STYLE = Automatic;
				CURRENT_PROJECT_VERSION = 1;
				GENERATE_INFOPLIST_FILE = YES;
				IPHONEOS_DEPLOYMENT_TARGET = 18.0;
				MARKETING_VERSION = 1.0;
				PRODUCT_BUNDLE_IDENTIFIER = "me.goose.x.Project-6-AnimationsTests";
				PRODUCT_NAME = "$(TARGET_NAME)";
				SWIFT_EMIT_LOC_STRINGS = NO;
				SWIFT_VERSION = 5.0;
				TARGETED_DEVICE_FAMILY = "1,2";
				TEST_HOST = "$(BUILT_PRODUCTS_DIR)/Project 6 Animations.app/$(BUNDLE_EXECUTABLE_FOLDER_PATH)/Project 6 Animations";
			};
			name = Debug;
		};
		007D31782CED794D00DDC99E /* Release */ = {
			isa = XCBuildConfiguration;
			buildSettings = {
				BUNDLE_LOADER = "$(TEST_HOST)";
				CODE_SIGN_STYLE = Automatic;
				CURRENT_PROJECT_VERSION = 1;
				GENERATE_INFOPLIST_FILE = YES;
				IPHONEOS_DEPLOYMENT_TARGET = 18.0;
				MARKETING_VERSION = 1.0;
				PRODUCT_BUNDLE_IDENTIFIER = "me.goose.x.Project-6-AnimationsTests";
				PRODUCT_NAME = "$(TARGET_NAME)";
				SWIFT_EMIT_LOC_STRINGS = NO;
				SWIFT_VERSION = 5.0;
				TARGETED_DEVICE_FAMILY = "1,2";
				TEST_HOST = "$(BUILT_PRODUCTS_DIR)/Project 6 Animations.app/$(BUNDLE_EXECUTABLE_FOLDER_PATH)/Project 6 Animations";
			};
			name = Release;
		};
		007D317A2CED794D00DDC99E /* Debug */ = {
			isa = XCBuildConfiguration;
			buildSettings = {
				CODE_SIGN_STYLE = Automatic;
				CURRENT_PROJECT_VERSION = 1;
				GENERATE_INFOPLIST_FILE = YES;
				MARKETING_VERSION = 1.0;
				PRODUCT_BUNDLE_IDENTIFIER = "me.goose.x.Project-6-AnimationsUITests";
				PRODUCT_NAME = "$(TARGET_NAME)";
				SWIFT_EMIT_LOC_STRINGS = NO;
				SWIFT_VERSION = 5.0;
				TARGETED_DEVICE_FAMILY = "1,2";
				TEST_TARGET_NAME = "Project 6 Animations";
			};
			name = Debug;
		};
		007D317B2CED794D00DDC99E /* Release */ = {
			isa = XCBuildConfiguration;
			buildSettings = {
				CODE_SIGN_STYLE = Automatic;
				CURRENT_PROJECT_VERSION = 1;
				GENERATE_INFOPLIST_FILE = YES;
				MARKETING_VERSION = 1.0;
				PRODUCT_BUNDLE_IDENTIFIER = "me.goose.x.Project-6-AnimationsUITests";
				PRODUCT_NAME = "$(TARGET_NAME)";
				SWIFT_EMIT_LOC_STRINGS = NO;
				SWIFT_VERSION = 5.0;
				TARGETED_DEVICE_FAMILY = "1,2";
				TEST_TARGET_NAME = "Project 6 Animations";
			};
			name = Release;
		};
/* End XCBuildConfiguration section */

/* Begin XCConfigurationList section */
		007D314A2CED794C00DDC99E /* Build configuration list for PBXProject "Project 6 Animations" */ = {
			isa = XCConfigurationList;
			buildConfigurations = (
				007D31712CED794D00DDC99E /* Debug */,
				007D31722CED794D00DDC99E /* Release */,
			);
			defaultConfigurationIsVisible = 0;
			defaultConfigurationName = Release;
		};
		007D31732CED794D00DDC99E /* Build configuration list for PBXNativeTarget "Project 6 Animations" */ = {
			isa = XCConfigurationList;
			buildConfigurations = (
				007D31742CED794D00DDC99E /* Debug */,
				007D31752CED794D00DDC99E /* Release */,
			);
			defaultConfigurationIsVisible = 0;
			defaultConfigurationName = Release;
		};
		007D31762CED794D00DDC99E /* Build configuration list for PBXNativeTarget "Project 6 AnimationsTests" */ = {
			isa = XCConfigurationList;
			buildConfigurations = (
				007D31772CED794D00DDC99E /* Debug */,
				007D31782CED794D00DDC99E /* Release */,
			);
			defaultConfigurationIsVisible = 0;
			defaultConfigurationName = Release;
		};
		007D31792CED794D00DDC99E /* Build configuration list for PBXNativeTarget "Project 6 AnimationsUITests" */ = {
			isa = XCConfigurationList;
			buildConfigurations = (
				007D317A2CED794D00DDC99E /* Debug */,
				007D317B2CED794D00DDC99E /* Release */,
			);
			defaultConfigurationIsVisible = 0;
			defaultConfigurationName = Release;
		};
/* End XCConfigurationList section */
	};
	rootObject = 007D31472CED794C00DDC99E /* Project object */;
}
