// !$*UTF8*$!
{
	archiveVersion = 1;
	classes = {
	};
	objectVersion = 77;
	objects = {

/* Begin PBXContainerItemProxy section */
		00F4FE6A2CD6C3B300AA7D75 /* PBXContainerItemProxy */ = {
			isa = PBXContainerItemProxy;
			containerPortal = 00F4FE512CD6C3B200AA7D75 /* Project object */;
			proxyType = 1;
			remoteGlobalIDString = 00F4FE582CD6C3B200AA7D75;
			remoteInfo = "Guess the Flag";
		};
		00F4FE742CD6C3B300AA7D75 /* PBXContainerItemProxy */ = {
			isa = PBXContainerItemProxy;
			containerPortal = 00F4FE512CD6C3B200AA7D75 /* Project object */;
			proxyType = 1;
			remoteGlobalIDString = 00F4FE582CD6C3B200AA7D75;
			remoteInfo = "Guess the Flag";
		};
/* End PBXContainerItemProxy section */

/* Begin PBXFileReference section */
		00F4FE592CD6C3B200AA7D75 /* Guess the Flag.app */ = {isa = PBXFileReference; explicitFileType = wrapper.application; includeInIndex = 0; path = "Guess the Flag.app"; sourceTree = BUILT_PRODUCTS_DIR; };
		00F4FE692CD6C3B300AA7D75 /* Guess the FlagTests.xctest */ = {isa = PBXFileReference; explicitFileType = wrapper.cfbundle; includeInIndex = 0; path = "Guess the FlagTests.xctest"; sourceTree = BUILT_PRODUCTS_DIR; };
		00F4FE732CD6C3B300AA7D75 /* Guess the FlagUITests.xctest */ = {isa = PBXFileReference; explicitFileType = wrapper.cfbundle; includeInIndex = 0; path = "Guess the FlagUITests.xctest"; sourceTree = BUILT_PRODUCTS_DIR; };
/* End PBXFileReference section */

/* Begin PBXFileSystemSynchronizedRootGroup section */
		00F4FE5B2CD6C3B200AA7D75 /* Guess the Flag */ = {
			isa = PBXFileSystemSynchronizedRootGroup;
			path = "Guess the Flag";
			sourceTree = "<group>";
		};
		00F4FE6C2CD6C3B300AA7D75 /* Guess the FlagTests */ = {
			isa = PBXFileSystemSynchronizedRootGroup;
			path = "Guess the FlagTests";
			sourceTree = "<group>";
		};
		00F4FE762CD6C3B300AA7D75 /* Guess the FlagUITests */ = {
			isa = PBXFileSystemSynchronizedRootGroup;
			path = "Guess the FlagUITests";
			sourceTree = "<group>";
		};
/* End PBXFileSystemSynchronizedRootGroup section */

/* Begin PBXFrameworksBuildPhase section */
		00F4FE562CD6C3B200AA7D75 /* Frameworks */ = {
			isa = PBXFrameworksBuildPhase;
			buildActionMask = 2147483647;
			files = (
			);
			runOnlyForDeploymentPostprocessing = 0;
		};
		00F4FE662CD6C3B300AA7D75 /* Frameworks */ = {
			isa = PBXFrameworksBuildPhase;
			buildActionMask = 2147483647;
			files = (
			);
			runOnlyForDeploymentPostprocessing = 0;
		};
		00F4FE702CD6C3B300AA7D75 /* Frameworks */ = {
			isa = PBXFrameworksBuildPhase;
			buildActionMask = 2147483647;
			files = (
			);
			runOnlyForDeploymentPostprocessing = 0;
		};
/* End PBXFrameworksBuildPhase section */

/* Begin PBXGroup section */
		00F4FE502CD6C3B200AA7D75 = {
			isa = PBXGroup;
			children = (
				00F4FE5B2CD6C3B200AA7D75 /* Guess the Flag */,
				00F4FE6C2CD6C3B300AA7D75 /* Guess the FlagTests */,
				00F4FE762CD6C3B300AA7D75 /* Guess the FlagUITests */,
				00F4FE5A2CD6C3B200AA7D75 /* Products */,
			);
			sourceTree = "<group>";
		};
		00F4FE5A2CD6C3B200AA7D75 /* Products */ = {
			isa = PBXGroup;
			children = (
				00F4FE592CD6C3B200AA7D75 /* Guess the Flag.app */,
				00F4FE692CD6C3B300AA7D75 /* Guess the FlagTests.xctest */,
				00F4FE732CD6C3B300AA7D75 /* Guess the FlagUITests.xctest */,
			);
			name = Products;
			sourceTree = "<group>";
		};
/* End PBXGroup section */

/* Begin PBXNativeTarget section */
		00F4FE582CD6C3B200AA7D75 /* Guess the Flag */ = {
			isa = PBXNativeTarget;
			buildConfigurationList = 00F4FE7D2CD6C3B300AA7D75 /* Build configuration list for PBXNativeTarget "Guess the Flag" */;
			buildPhases = (
				00F4FE552CD6C3B200AA7D75 /* Sources */,
				00F4FE562CD6C3B200AA7D75 /* Frameworks */,
				00F4FE572CD6C3B200AA7D75 /* Resources */,
			);
			buildRules = (
			);
			dependencies = (
			);
			fileSystemSynchronizedGroups = (
				00F4FE5B2CD6C3B200AA7D75 /* Guess the Flag */,
			);
			name = "Guess the Flag";
			packageProductDependencies = (
			);
			productName = "Guess the Flag";
			productReference = 00F4FE592CD6C3B200AA7D75 /* Guess the Flag.app */;
			productType = "com.apple.product-type.application";
		};
		00F4FE682CD6C3B300AA7D75 /* Guess the FlagTests */ = {
			isa = PBXNativeTarget;
			buildConfigurationList = 00F4FE802CD6C3B300AA7D75 /* Build configuration list for PBXNativeTarget "Guess the FlagTests" */;
			buildPhases = (
				00F4FE652CD6C3B300AA7D75 /* Sources */,
				00F4FE662CD6C3B300AA7D75 /* Frameworks */,
				00F4FE672CD6C3B300AA7D75 /* Resources */,
			);
			buildRules = (
			);
			dependencies = (
				00F4FE6B2CD6C3B300AA7D75 /* PBXTargetDependency */,
			);
			fileSystemSynchronizedGroups = (
				00F4FE6C2CD6C3B300AA7D75 /* Guess the FlagTests */,
			);
			name = "Guess the FlagTests";
			packageProductDependencies = (
			);
			productName = "Guess the FlagTests";
			productReference = 00F4FE692CD6C3B300AA7D75 /* Guess the FlagTests.xctest */;
			productType = "com.apple.product-type.bundle.unit-test";
		};
		00F4FE722CD6C3B300AA7D75 /* Guess the FlagUITests */ = {
			isa = PBXNativeTarget;
			buildConfigurationList = 00F4FE832CD6C3B300AA7D75 /* Build configuration list for PBXNativeTarget "Guess the FlagUITests" */;
			buildPhases = (
				00F4FE6F2CD6C3B300AA7D75 /* Sources */,
				00F4FE702CD6C3B300AA7D75 /* Frameworks */,
				00F4FE712CD6C3B300AA7D75 /* Resources */,
			);
			buildRules = (
			);
			dependencies = (
				00F4FE752CD6C3B300AA7D75 /* PBXTargetDependency */,
			);
			fileSystemSynchronizedGroups = (
				00F4FE762CD6C3B300AA7D75 /* Guess the FlagUITests */,
			);
			name = "Guess the FlagUITests";
			packageProductDependencies = (
			);
			productName = "Guess the FlagUITests";
			productReference = 00F4FE732CD6C3B300AA7D75 /* Guess the FlagUITests.xctest */;
			productType = "com.apple.product-type.bundle.ui-testing";
		};
/* End PBXNativeTarget section */

/* Begin PBXProject section */
		00F4FE512CD6C3B200AA7D75 /* Project object */ = {
			isa = PBXProject;
			attributes = {
				BuildIndependentTargetsInParallel = 1;
				LastSwiftUpdateCheck = 1600;
				LastUpgradeCheck = 1600;
				TargetAttributes = {
					00F4FE582CD6C3B200AA7D75 = {
						CreatedOnToolsVersion = 16.0;
					};
					00F4FE682CD6C3B300AA7D75 = {
						CreatedOnToolsVersion = 16.0;
						TestTargetID = 00F4FE582CD6C3B200AA7D75;
					};
					00F4FE722CD6C3B300AA7D75 = {
						CreatedOnToolsVersion = 16.0;
						TestTargetID = 00F4FE582CD6C3B200AA7D75;
					};
				};
			};
			buildConfigurationList = 00F4FE542CD6C3B200AA7D75 /* Build configuration list for PBXProject "Guess the Flag" */;
			developmentRegion = en;
			hasScannedForEncodings = 0;
			knownRegions = (
				en,
				Base,
			);
			mainGroup = 00F4FE502CD6C3B200AA7D75;
			minimizedProjectReferenceProxies = 1;
			preferredProjectObjectVersion = 77;
			productRefGroup = 00F4FE5A2CD6C3B200AA7D75 /* Products */;
			projectDirPath = "";
			projectRoot = "";
			targets = (
				00F4FE582CD6C3B200AA7D75 /* Guess the Flag */,
				00F4FE682CD6C3B300AA7D75 /* Guess the FlagTests */,
				00F4FE722CD6C3B300AA7D75 /* Guess the FlagUITests */,
			);
		};
/* End PBXProject section */

/* Begin PBXResourcesBuildPhase section */
		00F4FE572CD6C3B200AA7D75 /* Resources */ = {
			isa = PBXResourcesBuildPhase;
			buildActionMask = 2147483647;
			files = (
			);
			runOnlyForDeploymentPostprocessing = 0;
		};
		00F4FE672CD6C3B300AA7D75 /* Resources */ = {
			isa = PBXResourcesBuildPhase;
			buildActionMask = 2147483647;
			files = (
			);
			runOnlyForDeploymentPostprocessing = 0;
		};
		00F4FE712CD6C3B300AA7D75 /* Resources */ = {
			isa = PBXResourcesBuildPhase;
			buildActionMask = 2147483647;
			files = (
			);
			runOnlyForDeploymentPostprocessing = 0;
		};
/* End PBXResourcesBuildPhase section */

/* Begin PBXSourcesBuildPhase section */
		00F4FE552CD6C3B200AA7D75 /* Sources */ = {
			isa = PBXSourcesBuildPhase;
			buildActionMask = 2147483647;
			files = (
			);
			runOnlyForDeploymentPostprocessing = 0;
		};
		00F4FE652CD6C3B300AA7D75 /* Sources */ = {
			isa = PBXSourcesBuildPhase;
			buildActionMask = 2147483647;
			files = (
			);
			runOnlyForDeploymentPostprocessing = 0;
		};
		00F4FE6F2CD6C3B300AA7D75 /* Sources */ = {
			isa = PBXSourcesBuildPhase;
			buildActionMask = 2147483647;
			files = (
			);
			runOnlyForDeploymentPostprocessing = 0;
		};
/* End PBXSourcesBuildPhase section */

/* Begin PBXTargetDependency section */
		00F4FE6B2CD6C3B300AA7D75 /* PBXTargetDependency */ = {
			isa = PBXTargetDependency;
			target = 00F4FE582CD6C3B200AA7D75 /* Guess the Flag */;
			targetProxy = 00F4FE6A2CD6C3B300AA7D75 /* PBXContainerItemProxy */;
		};
		00F4FE752CD6C3B300AA7D75 /* PBXTargetDependency */ = {
			isa = PBXTargetDependency;
			target = 00F4FE582CD6C3B200AA7D75 /* Guess the Flag */;
			targetProxy = 00F4FE742CD6C3B300AA7D75 /* PBXContainerItemProxy */;
		};
/* End PBXTargetDependency section */

/* Begin XCBuildConfiguration section */
		00F4FE7B2CD6C3B300AA7D75 /* Debug */ = {
			isa = XCBuildConfiguration;
			buildSettings = {
				ALWAYS_SEARCH_USER_PATHS = NO;
				ASSETCATALOG_COMPILER_GENERATE_SWIFT_ASSET_SYMBOL_EXTENSIONS = YES;
				CLANG_ANALYZER_NONNULL = YES;
				CLANG_ANALYZER_NUMBER_OBJECT_CONVERSION = YES_AGGRESSIVE;
				CLANG_CXX_LANGUAGE_STANDARD = "gnu++20";
				CLANG_ENABLE_MODULES = YES;
				CLANG_ENABLE_OBJC_ARC = YES;
				CLANG_ENABLE_OBJC_WEAK = YES;
				CLANG_WARN_BLOCK_CAPTURE_AUTORELEASING = YES;
				CLANG_WARN_BOOL_CONVERSION = YES;
				CLANG_WARN_COMMA = YES;
				CLANG_WARN_CONSTANT_CONVERSION = YES;
				CLANG_WARN_DEPRECATED_OBJC_IMPLEMENTATIONS = YES;
				CLANG_WARN_DIRECT_OBJC_ISA_USAGE = YES_ERROR;
				CLANG_WARN_DOCUMENTATION_COMMENTS = YES;
				CLANG_WARN_EMPTY_BODY = YES;
				CLANG_WARN_ENUM_CONVERSION = YES;
				CLANG_WARN_INFINITE_RECURSION = YES;
				CLANG_WARN_INT_CONVERSION = YES;
				CLANG_WARN_NON_LITERAL_NULL_CONVERSION = YES;
				CLANG_WARN_OBJC_IMPLICIT_RETAIN_SELF = YES;
				CLANG_WARN_OBJC_LITERAL_CONVERSION = YES;
				CLANG_WARN_OBJC_ROOT_CLASS = YES_ERROR;
				CLANG_WARN_QUOTED_INCLUDE_IN_FRAMEWORK_HEADER = YES;
				CLANG_WARN_RANGE_LOOP_ANALYSIS = YES;
				CLANG_WARN_STRICT_PROTOTYPES = YES;
				CLANG_WARN_SUSPICIOUS_MOVE = YES;
				CLANG_WARN_UNGUARDED_AVAILABILITY = YES_AGGRESSIVE;
				CLANG_WARN_UNREACHABLE_CODE = YES;
				CLANG_WARN__DUPLICATE_METHOD_MATCH = YES;
				COPY_PHASE_STRIP = NO;
				DEBUG_INFORMATION_FORMAT = dwarf;
				ENABLE_STRICT_OBJC_MSGSEND = YES;
				ENABLE_TESTABILITY = YES;
				ENABLE_USER_SCRIPT_SANDBOXING = YES;
				GCC_C_LANGUAGE_STANDARD = gnu17;
				GCC_DYNAMIC_NO_PIC = NO;
				GCC_NO_COMMON_BLOCKS = YES;
				GCC_OPTIMIZATION_LEVEL = 0;
				GCC_PREPROCESSOR_DEFINITIONS = (
					"DEBUG=1",
					"$(inherited)",
				);
				GCC_WARN_64_TO_32_BIT_CONVERSION = YES;
				GCC_WARN_ABOUT_RETURN_TYPE = YES_ERROR;
				GCC_WARN_UNDECLARED_SELECTOR = YES;
				GCC_WARN_UNINITIALIZED_AUTOS = YES_AGGRESSIVE;
				GCC_WARN_UNUSED_FUNCTION = YES;
				GCC_WARN_UNUSED_VARIABLE = YES;
				IPHONEOS_DEPLOYMENT_TARGET = 18.0;
				LOCALIZATION_PREFERS_STRING_CATALOGS = YES;
				MTL_ENABLE_DEBUG_INFO = INCLUDE_SOURCE;
				MTL_FAST_MATH = YES;
				ONLY_ACTIVE_ARCH = YES;
				SDKROOT = iphoneos;
				SWIFT_ACTIVE_COMPILATION_CONDITIONS = "DEBUG $(inherited)";
				SWIFT_OPTIMIZATION_LEVEL = "-Onone";
			};
			name = Debug;
		};
		00F4FE7C2CD6C3B300AA7D75 /* Release */ = {
			isa = XCBuildConfiguration;
			buildSettings = {
				ALWAYS_SEARCH_USER_PATHS = NO;
				ASSETCATALOG_COMPILER_GENERATE_SWIFT_ASSET_SYMBOL_EXTENSIONS = YES;
				CLANG_ANALYZER_NONNULL = YES;
				CLANG_ANALYZER_NUMBER_OBJECT_CONVERSION = YES_AGGRESSIVE;
				CLANG_CXX_LANGUAGE_STANDARD = "gnu++20";
				CLANG_ENABLE_MODULES = YES;
				CLANG_ENABLE_OBJC_ARC = YES;
				CLANG_ENABLE_OBJC_WEAK = YES;
				CLANG_WARN_BLOCK_CAPTURE_AUTORELEASING = YES;
				CLANG_WARN_BOOL_CONVERSION = YES;
				CLANG_WARN_COMMA = YES;
				CLANG_WARN_CONSTANT_CONVERSION = YES;
				CLANG_WARN_DEPRECATED_OBJC_IMPLEMENTATIONS = YES;
				CLANG_WARN_DIRECT_OBJC_ISA_USAGE = YES_ERROR;
				CLANG_WARN_DOCUMENTATION_COMMENTS = YES;
				CLANG_WARN_EMPTY_BODY = YES;
				CLANG_WARN_ENUM_CONVERSION = YES;
				CLANG_WARN_INFINITE_RECURSION = YES;
				CLANG_WARN_INT_CONVERSION = YES;
				CLANG_WARN_NON_LITERAL_NULL_CONVERSION = YES;
				CLANG_WARN_OBJC_IMPLICIT_RETAIN_SELF = YES;
				CLANG_WARN_OBJC_LITERAL_CONVERSION = YES;
				CLANG_WARN_OBJC_ROOT_CLASS = YES_ERROR;
				CLANG_WARN_QUOTED_INCLUDE_IN_FRAMEWORK_HEADER = YES;
				CLANG_WARN_RANGE_LOOP_ANALYSIS = YES;
				CLANG_WARN_STRICT_PROTOTYPES = YES;
				CLANG_WARN_SUSPICIOUS_MOVE = YES;
				CLANG_WARN_UNGUARDED_AVAILABILITY = YES_AGGRESSIVE;
				CLANG_WARN_UNREACHABLE_CODE = YES;
				CLANG_WARN__DUPLICATE_METHOD_MATCH = YES;
				COPY_PHASE_STRIP = NO;
				DEBUG_INFORMATION_FORMAT = "dwarf-with-dsym";
				ENABLE_NS_ASSERTIONS = NO;
				ENABLE_STRICT_OBJC_MSGSEND = YES;
				ENABLE_USER_SCRIPT_SANDBOXING = YES;
				GCC_C_LANGUAGE_STANDARD = gnu17;
				GCC_NO_COMMON_BLOCKS = YES;
				GCC_WARN_64_TO_32_BIT_CONVERSION = YES;
				GCC_WARN_ABOUT_RETURN_TYPE = YES_ERROR;
				GCC_WARN_UNDECLARED_SELECTOR = YES;
				GCC_WARN_UNINITIALIZED_AUTOS = YES_AGGRESSIVE;
				GCC_WARN_UNUSED_FUNCTION = YES;
				GCC_WARN_UNUSED_VARIABLE = YES;
				IPHONEOS_DEPLOYMENT_TARGET = 18.0;
				LOCALIZATION_PREFERS_STRING_CATALOGS = YES;
				MTL_ENABLE_DEBUG_INFO = NO;
				MTL_FAST_MATH = YES;
				SDKROOT = iphoneos;
				SWIFT_COMPILATION_MODE = wholemodule;
				VALIDATE_PRODUCT = YES;
			};
			name = Release;
		};
		00F4FE7E2CD6C3B300AA7D75 /* Debug */ = {
			isa = XCBuildConfiguration;
			buildSettings = {
				ASSETCATALOG_COMPILER_APPICON_NAME = AppIcon;
				ASSETCATALOG_COMPILER_GLOBAL_ACCENT_COLOR_NAME = AccentColor;
				CODE_SIGN_STYLE = Automatic;
				CURRENT_PROJECT_VERSION = 1;
				DEVELOPMENT_ASSET_PATHS = "\"Guess the Flag/Preview Content\"";
				ENABLE_PREVIEWS = YES;
				GENERATE_INFOPLIST_FILE = YES;
				INFOPLIST_KEY_UIApplicationSceneManifest_Generation = YES;
				INFOPLIST_KEY_UIApplicationSupportsIndirectInputEvents = YES;
				INFOPLIST_KEY_UILaunchScreen_Generation = YES;
				INFOPLIST_KEY_UISupportedInterfaceOrientations_iPad = "UIInterfaceOrientationPortrait UIInterfaceOrientationPortraitUpsideDown UIInterfaceOrientationLandscapeLeft UIInterfaceOrientationLandscapeRight";
				INFOPLIST_KEY_UISupportedInterfaceOrientations_iPhone = "UIInterfaceOrientationPortrait UIInterfaceOrientationLandscapeLeft UIInterfaceOrientationLandscapeRight";
				LD_RUNPATH_SEARCH_PATHS = (
					"$(inherited)",
					"@executable_path/Frameworks",
				);
				MARKETING_VERSION = 1.0;
				PRODUCT_BUNDLE_IDENTIFIER = "me.goose.x.Guess-the-Flag";
				PRODUCT_NAME = "$(TARGET_NAME)";
				SWIFT_EMIT_LOC_STRINGS = YES;
				SWIFT_VERSION = 5.0;
				TARGETED_DEVICE_FAMILY = "1,2";
			};
			name = Debug;
		};
		00F4FE7F2CD6C3B300AA7D75 /* Release */ = {
			isa = XCBuildConfiguration;
			buildSettings = {
				ASSETCATALOG_COMPILER_APPICON_NAME = AppIcon;
				ASSETCATALOG_COMPILER_GLOBAL_ACCENT_COLOR_NAME = AccentColor;
				CODE_SIGN_STYLE = Automatic;
				CURRENT_PROJECT_VERSION = 1;
				DEVELOPMENT_ASSET_PATHS = "\"Guess the Flag/Preview Content\"";
				ENABLE_PREVIEWS = YES;
				GENERATE_INFOPLIST_FILE = YES;
				INFOPLIST_KEY_UIApplicationSceneManifest_Generation = YES;
				INFOPLIST_KEY_UIApplicationSupportsIndirectInputEvents = YES;
				INFOPLIST_KEY_UILaunchScreen_Generation = YES;
				INFOPLIST_KEY_UISupportedInterfaceOrientations_iPad = "UIInterfaceOrientationPortrait UIInterfaceOrientationPortraitUpsideDown UIInterfaceOrientationLandscapeLeft UIInterfaceOrientationLandscapeRight";
				INFOPLIST_KEY_UISupportedInterfaceOrientations_iPhone = "UIInterfaceOrientationPortrait UIInterfaceOrientationLandscapeLeft UIInterfaceOrientationLandscapeRight";
				LD_RUNPATH_SEARCH_PATHS = (
					"$(inherited)",
					"@executable_path/Frameworks",
				);
				MARKETING_VERSION = 1.0;
				PRODUCT_BUNDLE_IDENTIFIER = "me.goose.x.Guess-the-Flag";
				PRODUCT_NAME = "$(TARGET_NAME)";
				SWIFT_EMIT_LOC_STRINGS = YES;
				SWIFT_VERSION = 5.0;
				TARGETED_DEVICE_FAMILY = "1,2";
			};
			name = Release;
		};
		00F4FE812CD6C3B300AA7D75 /* Debug */ = {
			isa = XCBuildConfiguration;
			buildSettings = {
				BUNDLE_LOADER = "$(TEST_HOST)";
				CODE_SIGN_STYLE = Automatic;
				CURRENT_PROJECT_VERSION = 1;
				GENERATE_INFOPLIST_FILE = YES;
				IPHONEOS_DEPLOYMENT_TARGET = 18.0;
				MARKETING_VERSION = 1.0;
				PRODUCT_BUNDLE_IDENTIFIER = "me.goose.x.Guess-the-FlagTests";
				PRODUCT_NAME = "$(TARGET_NAME)";
				SWIFT_EMIT_LOC_STRINGS = NO;
				SWIFT_VERSION = 5.0;
				TARGETED_DEVICE_FAMILY = "1,2";
				TEST_HOST = "$(BUILT_PRODUCTS_DIR)/Guess the Flag.app/$(BUNDLE_EXECUTABLE_FOLDER_PATH)/Guess the Flag";
			};
			name = Debug;
		};
		00F4FE822CD6C3B300AA7D75 /* Release */ = {
			isa = XCBuildConfiguration;
			buildSettings = {
				BUNDLE_LOADER = "$(TEST_HOST)";
				CODE_SIGN_STYLE = Automatic;
				CURRENT_PROJECT_VERSION = 1;
				GENERATE_INFOPLIST_FILE = YES;
				IPHONEOS_DEPLOYMENT_TARGET = 18.0;
				MARKETING_VERSION = 1.0;
				PRODUCT_BUNDLE_IDENTIFIER = "me.goose.x.Guess-the-FlagTests";
				PRODUCT_NAME = "$(TARGET_NAME)";
				SWIFT_EMIT_LOC_STRINGS = NO;
				SWIFT_VERSION = 5.0;
				TARGETED_DEVICE_FAMILY = "1,2";
				TEST_HOST = "$(BUILT_PRODUCTS_DIR)/Guess the Flag.app/$(BUNDLE_EXECUTABLE_FOLDER_PATH)/Guess the Flag";
			};
			name = Release;
		};
		00F4FE842CD6C3B300AA7D75 /* Debug */ = {
			isa = XCBuildConfiguration;
			buildSettings = {
				CODE_SIGN_STYLE = Automatic;
				CURRENT_PROJECT_VERSION = 1;
				GENERATE_INFOPLIST_FILE = YES;
				MARKETING_VERSION = 1.0;
				PRODUCT_BUNDLE_IDENTIFIER = "me.goose.x.Guess-the-FlagUITests";
				PRODUCT_NAME = "$(TARGET_NAME)";
				SWIFT_EMIT_LOC_STRINGS = NO;
				SWIFT_VERSION = 5.0;
				TARGETED_DEVICE_FAMILY = "1,2";
				TEST_TARGET_NAME = "Guess the Flag";
			};
			name = Debug;
		};
		00F4FE852CD6C3B300AA7D75 /* Release */ = {
			isa = XCBuildConfiguration;
			buildSettings = {
				CODE_SIGN_STYLE = Automatic;
				CURRENT_PROJECT_VERSION = 1;
				GENERATE_INFOPLIST_FILE = YES;
				MARKETING_VERSION = 1.0;
				PRODUCT_BUNDLE_IDENTIFIER = "me.goose.x.Guess-the-FlagUITests";
				PRODUCT_NAME = "$(TARGET_NAME)";
				SWIFT_EMIT_LOC_STRINGS = NO;
				SWIFT_VERSION = 5.0;
				TARGETED_DEVICE_FAMILY = "1,2";
				TEST_TARGET_NAME = "Guess the Flag";
			};
			name = Release;
		};
/* End XCBuildConfiguration section */

/* Begin XCConfigurationList section */
		00F4FE542CD6C3B200AA7D75 /* Build configuration list for PBXProject "Guess the Flag" */ = {
			isa = XCConfigurationList;
			buildConfigurations = (
				00F4FE7B2CD6C3B300AA7D75 /* Debug */,
				00F4FE7C2CD6C3B300AA7D75 /* Release */,
			);
			defaultConfigurationIsVisible = 0;
			defaultConfigurationName = Release;
		};
		00F4FE7D2CD6C3B300AA7D75 /* Build configuration list for PBXNativeTarget "Guess the Flag" */ = {
			isa = XCConfigurationList;
			buildConfigurations = (
				00F4FE7E2CD6C3B300AA7D75 /* Debug */,
				00F4FE7F2CD6C3B300AA7D75 /* Release */,
			);
			defaultConfigurationIsVisible = 0;
			defaultConfigurationName = Release;
		};
		00F4FE802CD6C3B300AA7D75 /* Build configuration list for PBXNativeTarget "Guess the FlagTests" */ = {
			isa = XCConfigurationList;
			buildConfigurations = (
				00F4FE812CD6C3B300AA7D75 /* Debug */,
				00F4FE822CD6C3B300AA7D75 /* Release */,
			);
			defaultConfigurationIsVisible = 0;
			defaultConfigurationName = Release;
		};
		00F4FE832CD6C3B300AA7D75 /* Build configuration list for PBXNativeTarget "Guess the FlagUITests" */ = {
			isa = XCConfigurationList;
			buildConfigurations = (
				00F4FE842CD6C3B300AA7D75 /* Debug */,
				00F4FE852CD6C3B300AA7D75 /* Release */,
			);
			defaultConfigurationIsVisible = 0;
			defaultConfigurationName = Release;
		};
/* End XCConfigurationList section */
	};
	rootObject = 00F4FE512CD6C3B200AA7D75 /* Project object */;
}
